
Microsoft Visual Studio Solution File, Format Version 12.00
# Visual Studio Version 17
VisualStudioVersion = 17.8.34330.188
MinimumVisualStudioVersion = 10.0.40219.1
Project("{FAE04EC0-301F-11D3-BF4B-00C04F79EFBC}") = "ApiCrudDoctores2", "MvcCoreApiDoctores2\ApiCrudDoctores2.csproj", "{661D4506-611E-42E5-BC9F-51AEB77DFE12}"
EndProject
Global
	GlobalSection(SolutionConfigurationPlatforms) = preSolution
		Debug|Any CPU = Debug|Any CPU
		Release|Any CPU = Release|Any CPU
	EndGlobalSection
	GlobalSection(ProjectConfigurationPlatforms) = postSolution
		{661D4506-611E-42E5-BC9F-51AEB77DFE12}.Debug|Any CPU.ActiveCfg = Debug|Any CPU
		{661D4506-611E-42E5-BC9F-51AEB77DFE12}.Debug|Any CPU.Build.0 = Debug|Any CPU
		{661D4506-611E-42E5-BC9F-51AEB77DFE12}.Release|Any CPU.ActiveCfg = Release|Any CPU
		{661D4506-611E-42E5-BC9F-51AEB77DFE12}.Release|Any CPU.Build.0 = Release|Any CPU
	EndGlobalSection
	GlobalSection(SolutionProperties) = preSolution
		HideSolutionNode = FALSE
	EndGlobalSection
	GlobalSection(ExtensibilityGlobals) = postSolution
		SolutionGuid = {6E7A8AD3-3D08-4D10-992B-7E2DEE512A3D}
	EndGlobalSection
EndGlobal
